
Microsoft Visual Studio Solution File, Format Version 12.00
# Visual Studio 14
VisualStudioVersion = 14.0.24720.0
MinimumVisualStudioVersion = 10.0.40219.1
Project("{FAE04EC0-301F-11D3-BF4B-00C04F79EFBC}") = "WebApplication3", "WebApplication3\WebApplication3.csproj", "{E9C795CE-BB3D-4B8D-A773-2CB926DFB8AC}"
EndProject
Project("{FAE04EC0-301F-11D3-BF4B-00C04F79EFBC}") = "WebApplication3.Tests", "WebApplication3.Tests\WebApplication3.Tests.csproj", "{A45F6F29-5EC0-414B-BDEA-C69EE7BC3DA7}"
EndProject
Global
	GlobalSection(SolutionConfigurationPlatforms) = preSolution
		Debug|Any CPU = Debug|Any CPU
		Release|Any CPU = Release|Any CPU
	EndGlobalSection
	GlobalSection(ProjectConfigurationPlatforms) = postSolution
		{E9C795CE-BB3D-4B8D-A773-2CB926DFB8AC}.Debug|Any CPU.ActiveCfg = Debug|Any CPU
		{E9C795CE-BB3D-4B8D-A773-2CB926DFB8AC}.Debug|Any CPU.Build.0 = Debug|Any CPU
		{E9C795CE-BB3D-4B8D-A773-2CB926DFB8AC}.Release|Any CPU.ActiveCfg = Release|Any CPU
		{E9C795CE-BB3D-4B8D-A773-2CB926DFB8AC}.Release|Any CPU.Build.0 = Release|Any CPU
		{A45F6F29-5EC0-414B-BDEA-C69EE7BC3DA7}.Debug|Any CPU.ActiveCfg = Debug|Any CPU
		{A45F6F29-5EC0-414B-BDEA-C69EE7BC3DA7}.Debug|Any CPU.Build.0 = Debug|Any CPU
		{A45F6F29-5EC0-414B-BDEA-C69EE7BC3DA7}.Release|Any CPU.ActiveCfg = Release|Any CPU
		{A45F6F29-5EC0-414B-BDEA-C69EE7BC3DA7}.Release|Any CPU.Build.0 = Release|Any CPU
	EndGlobalSection
	GlobalSection(SolutionProperties) = preSolution
		HideSolutionNode = FALSE
	EndGlobalSection
EndGlobal
